{
  "nodes": {
    "nixpkgs": {
      "locked": {
        "lastModified": 1648255000,
        "narHash": "sha256-oHGBkrFX4AsJe+1dtGQZQUYba3E/EgDJeCUWm1i/CNw=",
        "owner": "NixOS",
        "repo": "nixpkgs",
        "rev": "22588ab564e4f8f19bb5ba138bb52c8f84522ad2",
        "type": "github"
      },
      "original": {
        "owner": "NixOS",
        "ref": "master",
        "repo": "nixpkgs",
        "type": "github"
      }
    },
    "root": {
      "inputs": {
        "nixpkgs": "nixpkgs"
      }
    }
  },
  "root": "root",
  "version": 7
}
