{
  "nodes": {
    "nixpkgs": {
      "locked": {
        "lastModified": 1644808030,
        "narHash": "sha256-Dmu/gXTlFpnVcE0DBntiCiGWPOevCrKxX4r0mDpA4go=",
        "owner": "NixOS",
        "repo": "nixpkgs",
        "rev": "2748bcc6d8d8c3b9bce342b839ea9f00497a6f8c",
        "type": "github"
      },
      "original": {
        "owner": "NixOS",
        "ref": "master",
        "repo": "nixpkgs",
        "type": "github"
      }
    },
    "root": {
      "inputs": {
        "nixpkgs": "nixpkgs"
      }
    }
  },
  "root": "root",
  "version": 7
}
